
Microsoft Visual Studio Solution File, Format Version 12.00
# Visual Studio 15
VisualStudioVersion = 15.0.28307.271
MinimumVisualStudioVersion = 10.0.40219.1
Project("{FAE04EC0-301F-11D3-BF4B-00C04F79EFBC}") = "ExamPart01", "ExamPart01\ExamPart01.csproj", "{702367FD-167C-4FD8-AA24-40D731B76A00}"
EndProject
Global
	GlobalSection(SolutionConfigurationPlatforms) = preSolution
		Debug|Any CPU = Debug|Any CPU
		Release|Any CPU = Release|Any CPU
	EndGlobalSection
	GlobalSection(ProjectConfigurationPlatforms) = postSolution
		{702367FD-167C-4FD8-AA24-40D731B76A00}.Debug|Any CPU.ActiveCfg = Debug|Any CPU
		{702367FD-167C-4FD8-AA24-40D731B76A00}.Debug|Any CPU.Build.0 = Debug|Any CPU
		{702367FD-167C-4FD8-AA24-40D731B76A00}.Release|Any CPU.ActiveCfg = Release|Any CPU
		{702367FD-167C-4FD8-AA24-40D731B76A00}.Release|Any CPU.Build.0 = Release|Any CPU
	EndGlobalSection
	GlobalSection(SolutionProperties) = preSolution
		HideSolutionNode = FALSE
	EndGlobalSection
	GlobalSection(ExtensibilityGlobals) = postSolution
		SolutionGuid = {8FB6FD2C-50DE-42A0-B68B-248B9C0D3815}
	EndGlobalSection
EndGlobal
